// !$*UTF8*$!
{
	archiveVersion = 1;
	classes = {
	};
	objectVersion = 46;
	objects = {

/* Begin PBXBuildFile section */
		5A58D1B01A702E160006CEA0 /* AppDelegate.swift in Sources */ = {isa = PBXBuildFile; fileRef = 5A58D1AF1A702E160006CEA0 /* AppDelegate.swift */; };
		5A58D1B21A702E160006CEA0 /* ViewController.swift in Sources */ = {isa = PBXBuildFile; fileRef = 5A58D1B11A702E160006CEA0 /* ViewController.swift */; };
		5A58D1B71A702E160006CEA0 /* Images.xcassets in Resources */ = {isa = PBXBuildFile; fileRef = 5A58D1B61A702E160006CEA0 /* Images.xcassets */; };
		5A58D1BA1A702E160006CEA0 /* LaunchScreen.xib in Resources */ = {isa = PBXBuildFile; fileRef = 5A58D1B81A702E160006CEA0 /* LaunchScreen.xib */; };
		5A58D1C61A702E160006CEA0 /* CoffeeAppTests.swift in Sources */ = {isa = PBXBuildFile; fileRef = 5A58D1C51A702E160006CEA0 /* CoffeeAppTests.swift */; };
		5A58D1D01A702E660006CEA0 /* DeviceRegisterViewController.swift in Sources */ = {isa = PBXBuildFile; fileRef = 5A58D1CF1A702E660006CEA0 /* DeviceRegisterViewController.swift */; };
		5A58D1D21A702E6C0006CEA0 /* CoffeeTableViewController.swift in Sources */ = {isa = PBXBuildFile; fileRef = 5A58D1D11A702E6C0006CEA0 /* CoffeeTableViewController.swift */; };
		5A58D1E11A7032830006CEA0 /* Main.storyboard in Resources */ = {isa = PBXBuildFile; fileRef = 5A58D1E01A7032830006CEA0 /* Main.storyboard */; };
		5A58D2031A703F060006CEA0 /* Alamofire.framework in Frameworks */ = {isa = PBXBuildFile; fileRef = 5A58D1FE1A703EEC0006CEA0 /* Alamofire.framework */; };
		5A58D2041A703F060006CEA0 /* Alamofire.framework in Embed Frameworks */ = {isa = PBXBuildFile; fileRef = 5A58D1FE1A703EEC0006CEA0 /* Alamofire.framework */; settings = {ATTRIBUTES = (CodeSignOnCopy, RemoveHeadersOnCopy, ); }; };
		5A58D2091A707EA30006CEA0 /* CoffeeTableViewCell.swift in Sources */ = {isa = PBXBuildFile; fileRef = 5A58D2081A707EA30006CEA0 /* CoffeeTableViewCell.swift */; };
		5A58D20B1A709CB30006CEA0 /* AddCoffeeTypeViewController.swift in Sources */ = {isa = PBXBuildFile; fileRef = 5A58D20A1A709CB30006CEA0 /* AddCoffeeTypeViewController.swift */; };
		5A58D21D1A76E2200006CEA0 /* ClockView.swift in Sources */ = {isa = PBXBuildFile; fileRef = 5A58D21C1A76E2200006CEA0 /* ClockView.swift */; };
/* End PBXBuildFile section */

/* Begin PBXContainerItemProxy section */
		5A58D1C01A702E160006CEA0 /* PBXContainerItemProxy */ = {
			isa = PBXContainerItemProxy;
			containerPortal = 5A58D1A21A702E160006CEA0 /* Project object */;
			proxyType = 1;
			remoteGlobalIDString = 5A58D1A91A702E160006CEA0;
			remoteInfo = CoffeeApp;
		};
		5A58D1FD1A703EEC0006CEA0 /* PBXContainerItemProxy */ = {
			isa = PBXContainerItemProxy;
			containerPortal = 5A58D1F71A703EEC0006CEA0 /* Alamofire.xcodeproj */;
			proxyType = 2;
			remoteGlobalIDString = F8111E3319A95C8B0040E7D1;
			remoteInfo = "Alamofire iOS";
		};
		5A58D1FF1A703EEC0006CEA0 /* PBXContainerItemProxy */ = {
			isa = PBXContainerItemProxy;
			containerPortal = 5A58D1F71A703EEC0006CEA0 /* Alamofire.xcodeproj */;
			proxyType = 2;
			remoteGlobalIDString = 4DD67C0B1A5C55C900ED2280;
			remoteInfo = "Alamofire OSX";
		};
		5A58D2011A703EEC0006CEA0 /* PBXContainerItemProxy */ = {
			isa = PBXContainerItemProxy;
			containerPortal = 5A58D1F71A703EEC0006CEA0 /* Alamofire.xcodeproj */;
			proxyType = 2;
			remoteGlobalIDString = F8111E3E19A95C8B0040E7D1;
			remoteInfo = AlamofireTests;
		};
		5A58D2051A703F060006CEA0 /* PBXContainerItemProxy */ = {
			isa = PBXContainerItemProxy;
			containerPortal = 5A58D1F71A703EEC0006CEA0 /* Alamofire.xcodeproj */;
			proxyType = 1;
			remoteGlobalIDString = F8111E3219A95C8B0040E7D1;
			remoteInfo = "Alamofire iOS";
		};
/* End PBXContainerItemProxy section */

/* Begin PBXCopyFilesBuildPhase section */
		5A58D2071A703F060006CEA0 /* Embed Frameworks */ = {
			isa = PBXCopyFilesBuildPhase;
			buildActionMask = 2147483647;
			dstPath = "";
			dstSubfolderSpec = 10;
			files = (
				5A58D2041A703F060006CEA0 /* Alamofire.framework in Embed Frameworks */,
			);
			name = "Embed Frameworks";
			runOnlyForDeploymentPostprocessing = 0;
		};
/* End PBXCopyFilesBuildPhase section */

/* Begin PBXFileReference section */
		5A58D1AA1A702E160006CEA0 /* CoffeeApp.app */ = {isa = PBXFileReference; explicitFileType = wrapper.application; includeInIndex = 0; path = CoffeeApp.app; sourceTree = BUILT_PRODUCTS_DIR; };
		5A58D1AE1A702E160006CEA0 /* Info.plist */ = {isa = PBXFileReference; lastKnownFileType = text.plist.xml; path = Info.plist; sourceTree = "<group>"; };
		5A58D1AF1A702E160006CEA0 /* AppDelegate.swift */ = {isa = PBXFileReference; lastKnownFileType = sourcecode.swift; path = AppDelegate.swift; sourceTree = "<group>"; };
		5A58D1B11A702E160006CEA0 /* ViewController.swift */ = {isa = PBXFileReference; lastKnownFileType = sourcecode.swift; path = ViewController.swift; sourceTree = "<group>"; };
		5A58D1B61A702E160006CEA0 /* Images.xcassets */ = {isa = PBXFileReference; lastKnownFileType = folder.assetcatalog; path = Images.xcassets; sourceTree = "<group>"; };
		5A58D1B91A702E160006CEA0 /* Base */ = {isa = PBXFileReference; lastKnownFileType = file.xib; name = Base; path = Base.lproj/LaunchScreen.xib; sourceTree = "<group>"; };
		5A58D1BF1A702E160006CEA0 /* CoffeeAppTests.xctest */ = {isa = PBXFileReference; explicitFileType = wrapper.cfbundle; includeInIndex = 0; path = CoffeeAppTests.xctest; sourceTree = BUILT_PRODUCTS_DIR; };
		5A58D1C41A702E160006CEA0 /* Info.plist */ = {isa = PBXFileReference; lastKnownFileType = text.plist.xml; path = Info.plist; sourceTree = "<group>"; };
		5A58D1C51A702E160006CEA0 /* CoffeeAppTests.swift */ = {isa = PBXFileReference; lastKnownFileType = sourcecode.swift; path = CoffeeAppTests.swift; sourceTree = "<group>"; };
		5A58D1CF1A702E660006CEA0 /* DeviceRegisterViewController.swift */ = {isa = PBXFileReference; fileEncoding = 4; lastKnownFileType = sourcecode.swift; path = DeviceRegisterViewController.swift; sourceTree = "<group>"; };
		5A58D1D11A702E6C0006CEA0 /* CoffeeTableViewController.swift */ = {isa = PBXFileReference; fileEncoding = 4; lastKnownFileType = sourcecode.swift; path = CoffeeTableViewController.swift; sourceTree = "<group>"; };
		5A58D1E01A7032830006CEA0 /* Main.storyboard */ = {isa = PBXFileReference; fileEncoding = 4; lastKnownFileType = file.storyboard; path = Main.storyboard; sourceTree = "<group>"; };
		5A58D1F71A703EEC0006CEA0 /* Alamofire.xcodeproj */ = {isa = PBXFileReference; lastKnownFileType = "wrapper.pb-project"; name = Alamofire.xcodeproj; path = Alamofire/Alamofire.xcodeproj; sourceTree = "<group>"; };
		5A58D2081A707EA30006CEA0 /* CoffeeTableViewCell.swift */ = {isa = PBXFileReference; fileEncoding = 4; lastKnownFileType = sourcecode.swift; path = CoffeeTableViewCell.swift; sourceTree = "<group>"; };
		5A58D20A1A709CB30006CEA0 /* AddCoffeeTypeViewController.swift */ = {isa = PBXFileReference; fileEncoding = 4; lastKnownFileType = sourcecode.swift; path = AddCoffeeTypeViewController.swift; sourceTree = "<group>"; };
		5A58D21C1A76E2200006CEA0 /* ClockView.swift */ = {isa = PBXFileReference; fileEncoding = 4; lastKnownFileType = sourcecode.swift; path = ClockView.swift; sourceTree = "<group>"; };
/* End PBXFileReference section */

/* Begin PBXFrameworksBuildPhase section */
		5A58D1A71A702E160006CEA0 /* Frameworks */ = {
			isa = PBXFrameworksBuildPhase;
			buildActionMask = 2147483647;
			files = (
				5A58D2031A703F060006CEA0 /* Alamofire.framework in Frameworks */,
			);
			runOnlyForDeploymentPostprocessing = 0;
		};
		5A58D1BC1A702E160006CEA0 /* Frameworks */ = {
			isa = PBXFrameworksBuildPhase;
			buildActionMask = 2147483647;
			files = (
			);
			runOnlyForDeploymentPostprocessing = 0;
		};
/* End PBXFrameworksBuildPhase section */

/* Begin PBXGroup section */
		5A58D1A11A702E160006CEA0 = {
			isa = PBXGroup;
			children = (
				5A58D1F71A703EEC0006CEA0 /* Alamofire.xcodeproj */,
				5A58D1AC1A702E160006CEA0 /* CoffeeApp */,
				5A58D1C21A702E160006CEA0 /* CoffeeAppTests */,
				5A58D1AB1A702E160006CEA0 /* Products */,
			);
			sourceTree = "<group>";
		};
		5A58D1AB1A702E160006CEA0 /* Products */ = {
			isa = PBXGroup;
			children = (
				5A58D1AA1A702E160006CEA0 /* CoffeeApp.app */,
				5A58D1BF1A702E160006CEA0 /* CoffeeAppTests.xctest */,
			);
			name = Products;
			sourceTree = "<group>";
		};
		5A58D1AC1A702E160006CEA0 /* CoffeeApp */ = {
			isa = PBXGroup;
			children = (
				5A58D1AF1A702E160006CEA0 /* AppDelegate.swift */,
				5A58D1B11A702E160006CEA0 /* ViewController.swift */,
				5A58D21C1A76E2200006CEA0 /* ClockView.swift */,
				5A58D1CF1A702E660006CEA0 /* DeviceRegisterViewController.swift */,
				5A58D1D11A702E6C0006CEA0 /* CoffeeTableViewController.swift */,
				5A58D2081A707EA30006CEA0 /* CoffeeTableViewCell.swift */,
				5A58D20A1A709CB30006CEA0 /* AddCoffeeTypeViewController.swift */,
				5A58D1E01A7032830006CEA0 /* Main.storyboard */,
				5A58D1B81A702E160006CEA0 /* LaunchScreen.xib */,
				5A58D1B61A702E160006CEA0 /* Images.xcassets */,
				5A58D1AD1A702E160006CEA0 /* Supporting Files */,
			);
			path = CoffeeApp;
			sourceTree = "<group>";
		};
		5A58D1AD1A702E160006CEA0 /* Supporting Files */ = {
			isa = PBXGroup;
			children = (
				5A58D1AE1A702E160006CEA0 /* Info.plist */,
			);
			name = "Supporting Files";
			sourceTree = "<group>";
		};
		5A58D1C21A702E160006CEA0 /* CoffeeAppTests */ = {
			isa = PBXGroup;
			children = (
				5A58D1C51A702E160006CEA0 /* CoffeeAppTests.swift */,
				5A58D1C31A702E160006CEA0 /* Supporting Files */,
			);
			path = CoffeeAppTests;
			sourceTree = "<group>";
		};
		5A58D1C31A702E160006CEA0 /* Supporting Files */ = {
			isa = PBXGroup;
			children = (
				5A58D1C41A702E160006CEA0 /* Info.plist */,
			);
			name = "Supporting Files";
			sourceTree = "<group>";
		};
		5A58D1F81A703EEC0006CEA0 /* Products */ = {
			isa = PBXGroup;
			children = (
				5A58D1FE1A703EEC0006CEA0 /* Alamofire.framework */,
				5A58D2001A703EEC0006CEA0 /* Alamofire.framework */,
				5A58D2021A703EEC0006CEA0 /* AlamofireTests.xctest */,
			);
			name = Products;
			sourceTree = "<group>";
		};
/* End PBXGroup section */

/* Begin PBXNativeTarget section */
		5A58D1A91A702E160006CEA0 /* CoffeeApp */ = {
			isa = PBXNativeTarget;
			buildConfigurationList = 5A58D1C91A702E160006CEA0 /* Build configuration list for PBXNativeTarget "CoffeeApp" */;
			buildPhases = (
				5A58D1A61A702E160006CEA0 /* Sources */,
				5A58D1A71A702E160006CEA0 /* Frameworks */,
				5A58D1A81A702E160006CEA0 /* Resources */,
				5A58D2071A703F060006CEA0 /* Embed Frameworks */,
			);
			buildRules = (
			);
			dependencies = (
				5A58D2061A703F060006CEA0 /* PBXTargetDependency */,
			);
			name = CoffeeApp;
			productName = CoffeeApp;
			productReference = 5A58D1AA1A702E160006CEA0 /* CoffeeApp.app */;
			productType = "com.apple.product-type.application";
		};
		5A58D1BE1A702E160006CEA0 /* CoffeeAppTests */ = {
			isa = PBXNativeTarget;
			buildConfigurationList = 5A58D1CC1A702E160006CEA0 /* Build configuration list for PBXNativeTarget "CoffeeAppTests" */;
			buildPhases = (
				5A58D1BB1A702E160006CEA0 /* Sources */,
				5A58D1BC1A702E160006CEA0 /* Frameworks */,
				5A58D1BD1A702E160006CEA0 /* Resources */,
			);
			buildRules = (
			);
			dependencies = (
				5A58D1C11A702E160006CEA0 /* PBXTargetDependency */,
			);
			name = CoffeeAppTests;
			productName = CoffeeAppTests;
			productReference = 5A58D1BF1A702E160006CEA0 /* CoffeeAppTests.xctest */;
			productType = "com.apple.product-type.bundle.unit-test";
		};
/* End PBXNativeTarget section */

/* Begin PBXProject section */
		5A58D1A21A702E160006CEA0 /* Project object */ = {
			isa = PBXProject;
			attributes = {
				LastUpgradeCheck = 0610;
				ORGANIZATIONNAME = "DATA, Inc";
				TargetAttributes = {
					5A58D1A91A702E160006CEA0 = {
						CreatedOnToolsVersion = 6.1.1;
						DevelopmentTeam = V9PGX7ESLN;
					};
					5A58D1BE1A702E160006CEA0 = {
						CreatedOnToolsVersion = 6.1.1;
						TestTargetID = 5A58D1A91A702E160006CEA0;
					};
				};
			};
			buildConfigurationList = 5A58D1A51A702E160006CEA0 /* Build configuration list for PBXProject "CoffeeApp" */;
			compatibilityVersion = "Xcode 3.2";
			developmentRegion = English;
			hasScannedForEncodings = 0;
			knownRegions = (
				en,
				Base,
			);
			mainGroup = 5A58D1A11A702E160006CEA0;
			productRefGroup = 5A58D1AB1A702E160006CEA0 /* Products */;
			projectDirPath = "";
			projectReferences = (
				{
					ProductGroup = 5A58D1F81A703EEC0006CEA0 /* Products */;
					ProjectRef = 5A58D1F71A703EEC0006CEA0 /* Alamofire.xcodeproj */;
				},
			);
			projectRoot = "";
			targets = (
				5A58D1A91A702E160006CEA0 /* CoffeeApp */,
				5A58D1BE1A702E160006CEA0 /* CoffeeAppTests */,
			);
		};
/* End PBXProject section */

/* Begin PBXReferenceProxy section */
		5A58D1FE1A703EEC0006CEA0 /* Alamofire.framework */ = {
			isa = PBXReferenceProxy;
			fileType = wrapper.framework;
			path = Alamofire.framework;
			remoteRef = 5A58D1FD1A703EEC0006CEA0 /* PBXContainerItemProxy */;
			sourceTree = BUILT_PRODUCTS_DIR;
		};
		5A58D2001A703EEC0006CEA0 /* Alamofire.framework */ = {
			isa = PBXReferenceProxy;
			fileType = wrapper.framework;
			path = Alamofire.framework;
			remoteRef = 5A58D1FF1A703EEC0006CEA0 /* PBXContainerItemProxy */;
			sourceTree = BUILT_PRODUCTS_DIR;
		};
		5A58D2021A703EEC0006CEA0 /* AlamofireTests.xctest */ = {
			isa = PBXReferenceProxy;
			fileType = wrapper.cfbundle;
			path = AlamofireTests.xctest;
			remoteRef = 5A58D2011A703EEC0006CEA0 /* PBXContainerItemProxy */;
			sourceTree = BUILT_PRODUCTS_DIR;
		};
/* End PBXReferenceProxy section */

/* Begin PBXResourcesBuildPhase section */
		5A58D1A81A702E160006CEA0 /* Resources */ = {
			isa = PBXResourcesBuildPhase;
			buildActionMask = 2147483647;
			files = (
				5A58D1E11A7032830006CEA0 /* Main.storyboard in Resources */,
				5A58D1BA1A702E160006CEA0 /* LaunchScreen.xib in Resources */,
				5A58D1B71A702E160006CEA0 /* Images.xcassets in Resources */,
			);
			runOnlyForDeploymentPostprocessing = 0;
		};
		5A58D1BD1A702E160006CEA0 /* Resources */ = {
			isa = PBXResourcesBuildPhase;
			buildActionMask = 2147483647;
			files = (
			);
			runOnlyForDeploymentPostprocessing = 0;
		};
/* End PBXResourcesBuildPhase section */

/* Begin PBXSourcesBuildPhase section */
		5A58D1A61A702E160006CEA0 /* Sources */ = {
			isa = PBXSourcesBuildPhase;
			buildActionMask = 2147483647;
			files = (
				5A58D1D01A702E660006CEA0 /* DeviceRegisterViewController.swift in Sources */,
				5A58D1D21A702E6C0006CEA0 /* CoffeeTableViewController.swift in Sources */,
				5A58D20B1A709CB30006CEA0 /* AddCoffeeTypeViewController.swift in Sources */,
				5A58D2091A707EA30006CEA0 /* CoffeeTableViewCell.swift in Sources */,
				5A58D21D1A76E2200006CEA0 /* ClockView.swift in Sources */,
				5A58D1B21A702E160006CEA0 /* ViewController.swift in Sources */,
				5A58D1B01A702E160006CEA0 /* AppDelegate.swift in Sources */,
			);
			runOnlyForDeploymentPostprocessing = 0;
		};
		5A58D1BB1A702E160006CEA0 /* Sources */ = {
			isa = PBXSourcesBuildPhase;
			buildActionMask = 2147483647;
			files = (
				5A58D1C61A702E160006CEA0 /* CoffeeAppTests.swift in Sources */,
			);
			runOnlyForDeploymentPostprocessing = 0;
		};
/* End PBXSourcesBuildPhase section */

/* Begin PBXTargetDependency section */
		5A58D1C11A702E160006CEA0 /* PBXTargetDependency */ = {
			isa = PBXTargetDependency;
			target = 5A58D1A91A702E160006CEA0 /* CoffeeApp */;
			targetProxy = 5A58D1C01A702E160006CEA0 /* PBXContainerItemProxy */;
		};
		5A58D2061A703F060006CEA0 /* PBXTargetDependency */ = {
			isa = PBXTargetDependency;
			name = "Alamofire iOS";
			targetProxy = 5A58D2051A703F060006CEA0 /* PBXContainerItemProxy */;
		};
/* End PBXTargetDependency section */

/* Begin PBXVariantGroup section */
		5A58D1B81A702E160006CEA0 /* LaunchScreen.xib */ = {
			isa = PBXVariantGroup;
			children = (
				5A58D1B91A702E160006CEA0 /* Base */,
			);
			name = LaunchScreen.xib;
			sourceTree = "<group>";
		};
/* End PBXVariantGroup section */

/* Begin XCBuildConfiguration section */
		5A58D1C71A702E160006CEA0 /* Debug */ = {
			isa = XCBuildConfiguration;
			buildSettings = {
				ALWAYS_SEARCH_USER_PATHS = NO;
				CLANG_CXX_LANGUAGE_STANDARD = "gnu++0x";
				CLANG_CXX_LIBRARY = "libc++";
				CLANG_ENABLE_MODULES = YES;
				CLANG_ENABLE_OBJC_ARC = YES;
				CLANG_WARN_BOOL_CONVERSION = YES;
				CLANG_WARN_CONSTANT_CONVERSION = YES;
				CLANG_WARN_DIRECT_OBJC_ISA_USAGE = YES_ERROR;
				CLANG_WARN_EMPTY_BODY = YES;
				CLANG_WARN_ENUM_CONVERSION = YES;
				CLANG_WARN_INT_CONVERSION = YES;
				CLANG_WARN_OBJC_ROOT_CLASS = YES_ERROR;
				CLANG_WARN_UNREACHABLE_CODE = YES;
				CLANG_WARN__DUPLICATE_METHOD_MATCH = YES;
				"CODE_SIGN_IDENTITY[sdk=iphoneos*]" = "iPhone Developer";
				COPY_PHASE_STRIP = NO;
				ENABLE_STRICT_OBJC_MSGSEND = YES;
				GCC_C_LANGUAGE_STANDARD = gnu99;
				GCC_DYNAMIC_NO_PIC = NO;
				GCC_OPTIMIZATION_LEVEL = 0;
				GCC_PREPROCESSOR_DEFINITIONS = (
					"DEBUG=1",
					"$(inherited)",
				);
				GCC_SYMBOLS_PRIVATE_EXTERN = NO;
				GCC_WARN_64_TO_32_BIT_CONVERSION = YES;
				GCC_WARN_ABOUT_RETURN_TYPE = YES_ERROR;
				GCC_WARN_UNDECLARED_SELECTOR = YES;
				GCC_WARN_UNINITIALIZED_AUTOS = YES_AGGRESSIVE;
				GCC_WARN_UNUSED_FUNCTION = YES;
				GCC_WARN_UNUSED_VARIABLE = YES;
				IPHONEOS_DEPLOYMENT_TARGET = 8.1;
				MTL_ENABLE_DEBUG_INFO = YES;
				ONLY_ACTIVE_ARCH = YES;
				SDKROOT = iphoneos;
				SWIFT_OPTIMIZATION_LEVEL = "-Onone";
				TARGETED_DEVICE_FAMILY = "1,2";
			};
			name = Debug;
		};
		5A58D1C81A702E160006CEA0 /* Release */ = {
			isa = XCBuildConfiguration;
			buildSettings = {
				ALWAYS_SEARCH_USER_PATHS = NO;
				CLANG_CXX_LANGUAGE_STANDARD = "gnu++0x";
				CLANG_CXX_LIBRARY = "libc++";
				CLANG_ENABLE_MODULES = YES;
				CLANG_ENABLE_OBJC_ARC = YES;
				CLANG_WARN_BOOL_CONVERSION = YES;
				CLANG_WARN_CONSTANT_CONVERSION = YES;
				CLANG_WARN_DIRECT_OBJC_ISA_USAGE = YES_ERROR;
				CLANG_WARN_EMPTY_BODY = YES;
				CLANG_WARN_ENUM_CONVERSION = YES;
				CLANG_WARN_INT_CONVERSION = YES;
				CLANG_WARN_OBJC_ROOT_CLASS = YES_ERROR;
				CLANG_WARN_UNREACHABLE_CODE = YES;
				CLANG_WARN__DUPLICATE_METHOD_MATCH = YES;
				"CODE_SIGN_IDENTITY[sdk=iphoneos*]" = "iPhone Developer";
				COPY_PHASE_STRIP = YES;
				ENABLE_NS_ASSERTIONS = NO;
				ENABLE_STRICT_OBJC_MSGSEND = YES;
				GCC_C_LANGUAGE_STANDARD = gnu99;
				GCC_WARN_64_TO_32_BIT_CONVERSION = YES;
				GCC_WARN_ABOUT_RETURN_TYPE = YES_ERROR;
				GCC_WARN_UNDECLARED_SELECTOR = YES;
				GCC_WARN_UNINITIALIZED_AUTOS = YES_AGGRESSIVE;
				GCC_WARN_UNUSED_FUNCTION = YES;
				GCC_WARN_UNUSED_VARIABLE = YES;
				IPHONEOS_DEPLOYMENT_TARGET = 8.1;
				MTL_ENABLE_DEBUG_INFO = NO;
				SDKROOT = iphoneos;
				TARGETED_DEVICE_FAMILY = "1,2";
				VALIDATE_PRODUCT = YES;
			};
			name = Release;
		};
		5A58D1CA1A702E160006CEA0 /* Debug */ = {
			isa = XCBuildConfiguration;
			buildSettings = {
				ASSETCATALOG_COMPILER_APPICON_NAME = AppIcon;
				CODE_SIGN_IDENTITY = "iPhone Developer";
				EMBEDDED_CONTENT_CONTAINS_SWIFT = YES;
				INFOPLIST_FILE = CoffeeApp/Info.plist;
				IPHONEOS_DEPLOYMENT_TARGET = 8.1;
				LD_RUNPATH_SEARCH_PATHS = "$(inherited) @executable_path/Frameworks";
				PRODUCT_NAME = "$(TARGET_NAME)";
			};
			name = Debug;
		};
		5A58D1CB1A702E160006CEA0 /* Release */ = {
			isa = XCBuildConfiguration;
			buildSettings = {
				ASSETCATALOG_COMPILER_APPICON_NAME = AppIcon;
				CODE_SIGN_IDENTITY = "iPhone Developer";
				EMBEDDED_CONTENT_CONTAINS_SWIFT = YES;
				INFOPLIST_FILE = CoffeeApp/Info.plist;
				IPHONEOS_DEPLOYMENT_TARGET = 8.1;
				LD_RUNPATH_SEARCH_PATHS = "$(inherited) @executable_path/Frameworks";
				PRODUCT_NAME = "$(TARGET_NAME)";
			};
			name = Release;
		};
		5A58D1CD1A702E160006CEA0 /* Debug */ = {
			isa = XCBuildConfiguration;
			buildSettings = {
				BUNDLE_LOADER = "$(TEST_HOST)";
				FRAMEWORK_SEARCH_PATHS = (
					"$(SDKROOT)/Developer/Library/Frameworks",
					"$(inherited)",
				);
				GCC_PREPROCESSOR_DEFINITIONS = (
					"DEBUG=1",
					"$(inherited)",
				);
				INFOPLIST_FILE = CoffeeAppTests/Info.plist;
				LD_RUNPATH_SEARCH_PATHS = "$(inherited) @executable_path/Frameworks @loader_path/Frameworks";
				PRODUCT_NAME = "$(TARGET_NAME)";
				TEST_HOST = "$(BUILT_PRODUCTS_DIR)/CoffeeApp.app/CoffeeApp";
			};
			name = Debug;
		};
		5A58D1CE1A702E160006CEA0 /* Release */ = {
			isa = XCBuildConfiguration;
			buildSettings = {
				BUNDLE_LOADER = "$(TEST_HOST)";
				FRAMEWORK_SEARCH_PATHS = (
					"$(SDKROOT)/Developer/Library/Frameworks",
					"$(inherited)",
				);
				INFOPLIST_FILE = CoffeeAppTests/Info.plist;
				LD_RUNPATH_SEARCH_PATHS = "$(inherited) @executable_path/Frameworks @loader_path/Frameworks";
				PRODUCT_NAME = "$(TARGET_NAME)";
				TEST_HOST = "$(BUILT_PRODUCTS_DIR)/CoffeeApp.app/CoffeeApp";
			};
			name = Release;
		};
/* End XCBuildConfiguration section */

/* Begin XCConfigurationList section */
		5A58D1A51A702E160006CEA0 /* Build configuration list for PBXProject "CoffeeApp" */ = {
			isa = XCConfigurationList;
			buildConfigurations = (
				5A58D1C71A702E160006CEA0 /* Debug */,
				5A58D1C81A702E160006CEA0 /* Release */,
			);
			defaultConfigurationIsVisible = 0;
			defaultConfigurationName = Release;
		};
		5A58D1C91A702E160006CEA0 /* Build configuration list for PBXNativeTarget "CoffeeApp" */ = {
			isa = XCConfigurationList;
			buildConfigurations = (
				5A58D1CA1A702E160006CEA0 /* Debug */,
				5A58D1CB1A702E160006CEA0 /* Release */,
			);
			defaultConfigurationIsVisible = 0;
			defaultConfigurationName = Release;
		};
		5A58D1CC1A702E160006CEA0 /* Build configuration list for PBXNativeTarget "CoffeeAppTests" */ = {
			isa = XCConfigurationList;
			buildConfigurations = (
				5A58D1CD1A702E160006CEA0 /* Debug */,
				5A58D1CE1A702E160006CEA0 /* Release */,
			);
			defaultConfigurationIsVisible = 0;
			defaultConfigurationName = Release;
		};
/* End XCConfigurationList section */
	};
	rootObject = 5A58D1A21A702E160006CEA0 /* Project object */;
}
